
Microsoft Visual Studio Solution File, Format Version 12.00
# Visual Studio 15
VisualStudioVersion = 15.0.26228.9
MinimumVisualStudioVersion = 10.0.40219.1
Project("{2150E333-8FDC-42A3-9474-1A3956D46DE8}") = "src", "src", "{AFB758DB-FC1C-41F6-9C93-153F0C95B911}"
EndProject
Project("{2150E333-8FDC-42A3-9474-1A3956D46DE8}") = "Solution Items", "Solution Items", "{9D9A2E18-0C06-4397-9465-E882A8168FD5}"
EndProject
Project("{2150E333-8FDC-42A3-9474-1A3956D46DE8}") = "Tests", "Tests", "{2C7B5715-0990-426C-B4AD-49F7F97DB6CC}"
EndProject
Project("{2150E333-8FDC-42A3-9474-1A3956D46DE8}") = "Instructure Layer", "Instructure Layer", "{154E96D3-E963-4E5D-9D49-DCD98C42291E}"
EndProject
Project("{2150E333-8FDC-42A3-9474-1A3956D46DE8}") = "Application Core", "Application Core", "{3BCC51BC-234F-4FE0-829B-040B2D1435B3}"
EndProject
Project("{2150E333-8FDC-42A3-9474-1A3956D46DE8}") = "Api", "Api", "{8A147A94-80A9-4800-885E-F4F2911D423E}"
EndProject
Project("{9A19103F-16F7-4668-BE54-9A1E7A4F7556}") = "Mmarab.CqsExample.Infrastructure", "src\Mmarab.CqsExample.Infrastructure\Mmarab.CqsExample.Infrastructure.csproj", "{FD5EA17B-C104-4B77-81E1-3D92C56014B7}"
EndProject
Project("{9A19103F-16F7-4668-BE54-9A1E7A4F7556}") = "Mmarab.CqsExample.Api.Host", "src\Mmarab.CqsExample.Api.Host\Mmarab.CqsExample.Api.Host.csproj", "{5FD9237E-2F2B-4C97-B098-8EDBBFAFD689}"
EndProject
Project("{9A19103F-16F7-4668-BE54-9A1E7A4F7556}") = "Mmarab.CqsExample.API", "src\Mmarab.CqsExample.API\Mmarab.CqsExample.API.csproj", "{5BF4B5FA-C3DE-466C-B166-C376D1806002}"
EndProject
Project("{9A19103F-16F7-4668-BE54-9A1E7A4F7556}") = "Mmarab.CqsExample.UnitTests", "Mmarab.CqsExample.UnitTests\Mmarab.CqsExample.UnitTests.csproj", "{5D02D9C3-25B0-4B2B-9A4E-F1D63E5DF10A}"
EndProject
Project("{9A19103F-16F7-4668-BE54-9A1E7A4F7556}") = "Mmarab.CqsExample.IoC", "src\Mmarab.CqsExample.IoC\Mmarab.CqsExample.IoC.csproj", "{BD23C1E7-C21F-478A-BCAF-C80EC16512EA}"
EndProject
Project("{9A19103F-16F7-4668-BE54-9A1E7A4F7556}") = "Mmarab.CqsExample.DomainModels", "src\Mmarab.CqsExample.DomainModels\Mmarab.CqsExample.DomainModels.csproj", "{3DB16A6B-C8FC-477B-93E5-872C079F4838}"
EndProject
Project("{9A19103F-16F7-4668-BE54-9A1E7A4F7556}") = "Mmarab.CqsExample.Application", "src\Mmarab.CqsExample.Application\Mmarab.CqsExample.Application.csproj", "{1562F947-7823-4F2F-AB7F-BBF0307C6726}"
EndProject
Global
	GlobalSection(SolutionConfigurationPlatforms) = preSolution
		Debug|Any CPU = Debug|Any CPU
		Release|Any CPU = Release|Any CPU
	EndGlobalSection
	GlobalSection(ProjectConfigurationPlatforms) = postSolution
		{FD5EA17B-C104-4B77-81E1-3D92C56014B7}.Debug|Any CPU.ActiveCfg = Debug|Any CPU
		{FD5EA17B-C104-4B77-81E1-3D92C56014B7}.Debug|Any CPU.Build.0 = Debug|Any CPU
		{FD5EA17B-C104-4B77-81E1-3D92C56014B7}.Release|Any CPU.ActiveCfg = Release|Any CPU
		{FD5EA17B-C104-4B77-81E1-3D92C56014B7}.Release|Any CPU.Build.0 = Release|Any CPU
		{5FD9237E-2F2B-4C97-B098-8EDBBFAFD689}.Debug|Any CPU.ActiveCfg = Debug|Any CPU
		{5FD9237E-2F2B-4C97-B098-8EDBBFAFD689}.Debug|Any CPU.Build.0 = Debug|Any CPU
		{5FD9237E-2F2B-4C97-B098-8EDBBFAFD689}.Release|Any CPU.ActiveCfg = Release|Any CPU
		{5FD9237E-2F2B-4C97-B098-8EDBBFAFD689}.Release|Any CPU.Build.0 = Release|Any CPU
		{5BF4B5FA-C3DE-466C-B166-C376D1806002}.Debug|Any CPU.ActiveCfg = Debug|Any CPU
		{5BF4B5FA-C3DE-466C-B166-C376D1806002}.Debug|Any CPU.Build.0 = Debug|Any CPU
		{5BF4B5FA-C3DE-466C-B166-C376D1806002}.Release|Any CPU.ActiveCfg = Release|Any CPU
		{5BF4B5FA-C3DE-466C-B166-C376D1806002}.Release|Any CPU.Build.0 = Release|Any CPU
		{5D02D9C3-25B0-4B2B-9A4E-F1D63E5DF10A}.Debug|Any CPU.ActiveCfg = Debug|Any CPU
		{5D02D9C3-25B0-4B2B-9A4E-F1D63E5DF10A}.Debug|Any CPU.Build.0 = Debug|Any CPU
		{5D02D9C3-25B0-4B2B-9A4E-F1D63E5DF10A}.Release|Any CPU.ActiveCfg = Release|Any CPU
		{5D02D9C3-25B0-4B2B-9A4E-F1D63E5DF10A}.Release|Any CPU.Build.0 = Release|Any CPU
		{BD23C1E7-C21F-478A-BCAF-C80EC16512EA}.Debug|Any CPU.ActiveCfg = Debug|Any CPU
		{BD23C1E7-C21F-478A-BCAF-C80EC16512EA}.Debug|Any CPU.Build.0 = Debug|Any CPU
		{BD23C1E7-C21F-478A-BCAF-C80EC16512EA}.Release|Any CPU.ActiveCfg = Release|Any CPU
		{BD23C1E7-C21F-478A-BCAF-C80EC16512EA}.Release|Any CPU.Build.0 = Release|Any CPU
		{3DB16A6B-C8FC-477B-93E5-872C079F4838}.Debug|Any CPU.ActiveCfg = Debug|Any CPU
		{3DB16A6B-C8FC-477B-93E5-872C079F4838}.Debug|Any CPU.Build.0 = Debug|Any CPU
		{3DB16A6B-C8FC-477B-93E5-872C079F4838}.Release|Any CPU.ActiveCfg = Release|Any CPU
		{3DB16A6B-C8FC-477B-93E5-872C079F4838}.Release|Any CPU.Build.0 = Release|Any CPU
		{1562F947-7823-4F2F-AB7F-BBF0307C6726}.Debug|Any CPU.ActiveCfg = Debug|Any CPU
		{1562F947-7823-4F2F-AB7F-BBF0307C6726}.Debug|Any CPU.Build.0 = Debug|Any CPU
		{1562F947-7823-4F2F-AB7F-BBF0307C6726}.Release|Any CPU.ActiveCfg = Release|Any CPU
		{1562F947-7823-4F2F-AB7F-BBF0307C6726}.Release|Any CPU.Build.0 = Release|Any CPU
	EndGlobalSection
	GlobalSection(SolutionProperties) = preSolution
		HideSolutionNode = FALSE
	EndGlobalSection
	GlobalSection(NestedProjects) = preSolution
		{2C7B5715-0990-426C-B4AD-49F7F97DB6CC} = {AFB758DB-FC1C-41F6-9C93-153F0C95B911}
		{154E96D3-E963-4E5D-9D49-DCD98C42291E} = {AFB758DB-FC1C-41F6-9C93-153F0C95B911}
		{3BCC51BC-234F-4FE0-829B-040B2D1435B3} = {AFB758DB-FC1C-41F6-9C93-153F0C95B911}
		{8A147A94-80A9-4800-885E-F4F2911D423E} = {AFB758DB-FC1C-41F6-9C93-153F0C95B911}
		{FD5EA17B-C104-4B77-81E1-3D92C56014B7} = {154E96D3-E963-4E5D-9D49-DCD98C42291E}
		{5FD9237E-2F2B-4C97-B098-8EDBBFAFD689} = {8A147A94-80A9-4800-885E-F4F2911D423E}
		{5BF4B5FA-C3DE-466C-B166-C376D1806002} = {8A147A94-80A9-4800-885E-F4F2911D423E}
		{5D02D9C3-25B0-4B2B-9A4E-F1D63E5DF10A} = {2C7B5715-0990-426C-B4AD-49F7F97DB6CC}
		{BD23C1E7-C21F-478A-BCAF-C80EC16512EA} = {8A147A94-80A9-4800-885E-F4F2911D423E}
		{3DB16A6B-C8FC-477B-93E5-872C079F4838} = {3BCC51BC-234F-4FE0-829B-040B2D1435B3}
		{1562F947-7823-4F2F-AB7F-BBF0307C6726} = {3BCC51BC-234F-4FE0-829B-040B2D1435B3}
	EndGlobalSection
EndGlobal
